# THIS IS AN AUTOGENERATED FILE. DO NOT EDIT THIS FILE DIRECTLY.
# yarn lockfile v1


"@girs/accountsservice-1.0@^1.0.0-4.0.0-beta.5":
  version "1.0.0-4.0.0-beta.5"
  resolved "https://registry.yarnpkg.com/@girs/accountsservice-1.0/-/accountsservice-1.0-1.0.0-4.0.0-beta.5.tgz#843d915b8135e01bb0ae9a7a8dbb134a9ac0a3f1"
  integrity sha512-+l+kEv7a54o8jMDtftOmOpOl0bG+2rLVaCf1LqQDyLeGe74tpVCeCGre4g27VyC4KI6dh5Tp2kOnzx4u4Q1+bw==
  dependencies:
    "@girs/gio-2.0" "^2.80.0-4.0.0-beta.5"
    "@girs/gjs" "^4.0.0-beta.5"
    "@girs/glib-2.0" "^2.80.0-4.0.0-beta.5"
    "@girs/gobject-2.0" "^2.80.0-4.0.0-beta.5"

"@girs/adw-1@^1.5.0-4.0.0-beta.5":
  version "1.5.0-4.0.0-beta.5"
  resolved "https://registry.yarnpkg.com/@girs/adw-1/-/adw-1-1.5.0-4.0.0-beta.5.tgz#6f79bc56132f4fddb95f999e42827aca8261c382"
  integrity sha512-bIndXhtH0jXL1che7tsfkdQd0rU0pnXuQTag/zeTSlVwOmkCF8RFASN96bHChK/npFaFQJ2psAu3L63sPob+3g==
  dependencies:
    "@girs/cairo-1.0" "^1.0.0-4.0.0-beta.5"
    "@girs/freetype2-2.0" "^2.0.0-4.0.0-beta.5"
    "@girs/gdk-4.0" "^4.0.0-4.0.0-beta.5"
    "@girs/gdkpixbuf-2.0" "^2.0.0-4.0.0-beta.5"
    "@girs/gio-2.0" "^2.80.0-4.0.0-beta.5"
    "@girs/gjs" "^4.0.0-beta.5"
    "@girs/glib-2.0" "^2.80.0-4.0.0-beta.5"
    "@girs/gmodule-2.0" "^2.0.0-4.0.0-beta.5"
    "@girs/gobject-2.0" "^2.80.0-4.0.0-beta.5"
    "@girs/graphene-1.0" "^1.0.0-4.0.0-beta.5"
    "@girs/gsk-4.0" "^4.0.0-4.0.0-beta.5"
    "@girs/gtk-4.0" "^4.14.3-4.0.0-beta.5"
    "@girs/harfbuzz-0.0" "^8.3.1-4.0.0-beta.5"
    "@girs/pango-1.0" "^1.52.2-4.0.0-beta.5"
    "@girs/pangocairo-1.0" "^1.0.0-4.0.0-beta.5"

"@girs/atk-1.0@^2.52.0-4.0.0-beta.5":
  version "2.52.0-4.0.0-beta.5"
  resolved "https://registry.yarnpkg.com/@girs/atk-1.0/-/atk-1.0-2.52.0-4.0.0-beta.5.tgz#8e48d59de978d402e6713723308c8ec316da0560"
  integrity sha512-C0yQT7hyE3rsN+N/e0/msCj7vsOA4v34y1pSCm5hcy7HxuczdRpOca1TTupuXWWlZyqUhuBp3QIO4EbaFD6hdg==
  dependencies:
    "@girs/gjs" "^4.0.0-beta.5"
    "@girs/glib-2.0" "^2.80.0-4.0.0-beta.5"
    "@girs/gobject-2.0" "^2.80.0-4.0.0-beta.5"

"@girs/cairo-1.0@^1.0.0-4.0.0-beta.5":
  version "1.0.0-4.0.0-beta.5"
  resolved "https://registry.yarnpkg.com/@girs/cairo-1.0/-/cairo-1.0-1.0.0-4.0.0-beta.5.tgz#bc0a8b608a99e4aee338822cb90b27dc385483d2"
  integrity sha512-mGveki+ZJxSSxMzXbocScImDBAIEVZ6YmCKOzqHnJctQJTr2crKCFEQPNx7iNBCgGDOH2/0htJX12axGxMm1Gg==
  dependencies:
    "@girs/gjs" "^4.0.0-beta.5"
    "@girs/glib-2.0" "^2.80.0-4.0.0-beta.5"
    "@girs/gobject-2.0" "^2.80.0-4.0.0-beta.5"

"@girs/cally-14@^14.0.0-4.0.0-beta.5":
  version "14.0.0-4.0.0-beta.5"
  resolved "https://registry.yarnpkg.com/@girs/cally-14/-/cally-14-14.0.0-4.0.0-beta.5.tgz#912de24676106f57ba5c19e87d0a21573480fd26"
  integrity sha512-twuuvpSjCw0rEC0YqT/t8fvm5wxC6hBmOLPBHH8VklYR7QeJQIWv+YjKG2DaW9T3UdLUsNoxaibXU5bTI3rCaQ==
  dependencies:
    "@girs/atk-1.0" "^2.52.0-4.0.0-beta.5"
    "@girs/cairo-1.0" "^1.0.0-4.0.0-beta.5"
    "@girs/clutter-14" "^14.0.0-4.0.0-beta.5"
    "@girs/cogl-14" "^14.0.0-4.0.0-beta.5"
    "@girs/coglpango-14" "^14.0.0-4.0.0-beta.5"
    "@girs/freetype2-2.0" "^2.0.0-4.0.0-beta.5"
    "@girs/gio-2.0" "^2.80.0-4.0.0-beta.5"
    "@girs/gjs" "^4.0.0-beta.5"
    "@girs/gl-1.0" "^1.0.0-4.0.0-beta.5"
    "@girs/glib-2.0" "^2.80.0-4.0.0-beta.5"
    "@girs/gobject-2.0" "^2.80.0-4.0.0-beta.5"
    "@girs/graphene-1.0" "^1.0.0-4.0.0-beta.5"
    "@girs/harfbuzz-0.0" "^8.3.1-4.0.0-beta.5"
    "@girs/mtk-14" "^14.0.0-4.0.0-beta.5"
    "@girs/pango-1.0" "^1.52.2-4.0.0-beta.5"
    "@girs/pangocairo-1.0" "^1.0.0-4.0.0-beta.5"
    "@girs/xlib-2.0" "^2.0.0-4.0.0-beta.5"

"@girs/clutter-14@^14.0.0-4.0.0-beta.5":
  version "14.0.0-4.0.0-beta.5"
  resolved "https://registry.yarnpkg.com/@girs/clutter-14/-/clutter-14-14.0.0-4.0.0-beta.5.tgz#8cd43538f9bca372e32a8cdcb2b916731621c3fc"
  integrity sha512-++JshZ+KQzhZXxFJ0HUh4iar+BPq+JwJT3XjlZnMG6ts5oio1P2eB44vlXfPCpurYF86bg7tR5Qrh0EFL0LfuQ==
  dependencies:
    "@girs/atk-1.0" "^2.52.0-4.0.0-beta.5"
    "@girs/cairo-1.0" "^1.0.0-4.0.0-beta.5"
    "@girs/cogl-14" "^14.0.0-4.0.0-beta.5"
    "@girs/coglpango-14" "^14.0.0-4.0.0-beta.5"
    "@girs/freetype2-2.0" "^2.0.0-4.0.0-beta.5"
    "@girs/gio-2.0" "^2.80.0-4.0.0-beta.5"
    "@girs/gjs" "^4.0.0-beta.5"
    "@girs/gl-1.0" "^1.0.0-4.0.0-beta.5"
    "@girs/glib-2.0" "^2.80.0-4.0.0-beta.5"
    "@girs/gobject-2.0" "^2.80.0-4.0.0-beta.5"
    "@girs/graphene-1.0" "^1.0.0-4.0.0-beta.5"
    "@girs/harfbuzz-0.0" "^8.3.1-4.0.0-beta.5"
    "@girs/mtk-14" "^14.0.0-4.0.0-beta.5"
    "@girs/pango-1.0" "^1.52.2-4.0.0-beta.5"
    "@girs/pangocairo-1.0" "^1.0.0-4.0.0-beta.5"
    "@girs/xlib-2.0" "^2.0.0-4.0.0-beta.5"

"@girs/cogl-14@^14.0.0-4.0.0-beta.5":
  version "14.0.0-4.0.0-beta.5"
  resolved "https://registry.yarnpkg.com/@girs/cogl-14/-/cogl-14-14.0.0-4.0.0-beta.5.tgz#6543426b42ebe36071b75ba956d11fc1e2748955"
  integrity sha512-bs1LTwdc5pYVyvqb2p9oKe438ePwDPGEfcdsk+lVl7t9Bm745LuqzTjAFi+Pr9hLZ+8FJbux+ToMPma14byB4w==
  dependencies:
    "@girs/gjs" "^4.0.0-beta.5"
    "@girs/gl-1.0" "^1.0.0-4.0.0-beta.5"
    "@girs/glib-2.0" "^2.80.0-4.0.0-beta.5"
    "@girs/gobject-2.0" "^2.80.0-4.0.0-beta.5"
    "@girs/graphene-1.0" "^1.0.0-4.0.0-beta.5"
    "@girs/mtk-14" "^14.0.0-4.0.0-beta.5"
    "@girs/xlib-2.0" "^2.0.0-4.0.0-beta.5"

"@girs/cogl-2.0@^2.0.0-4.0.0-beta.5":
  version "2.0.0-4.0.0-beta.5"
  resolved "https://registry.yarnpkg.com/@girs/cogl-2.0/-/cogl-2.0-2.0.0-4.0.0-beta.5.tgz#93fe7ef9abcda81e9ff9210a11344c386b497457"
  integrity sha512-ptAuNOzvsxy5R6hkt5ngJ/Nc+jWSGiXB933n1I+tSNBhp8sM1xAbwcyl+kFULEfHK0YN86bwgMSthpm2gXXMpg==
  dependencies:
    "@girs/gjs" "^4.0.0-beta.5"
    "@girs/gl-1.0" "^1.0.0-4.0.0-beta.5"
    "@girs/glib-2.0" "^2.80.0-4.0.0-beta.5"
    "@girs/gobject-2.0" "^2.80.0-4.0.0-beta.5"

"@girs/coglpango-14@^14.0.0-4.0.0-beta.5":
  version "14.0.0-4.0.0-beta.5"
  resolved "https://registry.yarnpkg.com/@girs/coglpango-14/-/coglpango-14-14.0.0-4.0.0-beta.5.tgz#39a0d05a66791b0a77e90ebae1d710e01e64c736"
  integrity sha512-cBvj3NbYunTtxEHKjNz4cFoehxMhLUP3MaTnw//EUjMN4J2U304AY2y6598H1bhb8oYaUykD1LeM70G594lnhw==
  dependencies:
    "@girs/cairo-1.0" "^1.0.0-4.0.0-beta.5"
    "@girs/cogl-14" "^14.0.0-4.0.0-beta.5"
    "@girs/freetype2-2.0" "^2.0.0-4.0.0-beta.5"
    "@girs/gio-2.0" "^2.80.0-4.0.0-beta.5"
    "@girs/gjs" "^4.0.0-beta.5"
    "@girs/gl-1.0" "^1.0.0-4.0.0-beta.5"
    "@girs/glib-2.0" "^2.80.0-4.0.0-beta.5"
    "@girs/gobject-2.0" "^2.80.0-4.0.0-beta.5"
    "@girs/graphene-1.0" "^1.0.0-4.0.0-beta.5"
    "@girs/harfbuzz-0.0" "^8.3.1-4.0.0-beta.5"
    "@girs/mtk-14" "^14.0.0-4.0.0-beta.5"
    "@girs/pango-1.0" "^1.52.2-4.0.0-beta.5"
    "@girs/pangocairo-1.0" "^1.0.0-4.0.0-beta.5"
    "@girs/xlib-2.0" "^2.0.0-4.0.0-beta.5"

"@girs/freetype2-2.0@^2.0.0-4.0.0-beta.5":
  version "2.0.0-4.0.0-beta.5"
  resolved "https://registry.yarnpkg.com/@girs/freetype2-2.0/-/freetype2-2.0-2.0.0-4.0.0-beta.5.tgz#007f21f382f9e6eafd5ab7efd89d76433a39bb6a"
  integrity sha512-tswYFpTtC5B53uNGIL9Rpjp54xm5xDKFGFf9NCZjz8gl//u5qIaHCQQEwe1F+lQluIUkB66y4xQiQPGrlkF0Vg==
  dependencies:
    "@girs/gjs" "^4.0.0-beta.5"
    "@girs/gobject-2.0" "^2.80.0-4.0.0-beta.5"

"@girs/gck-2@^4.3.0-4.0.0-beta.5":
  version "4.3.0-4.0.0-beta.5"
  resolved "https://registry.yarnpkg.com/@girs/gck-2/-/gck-2-4.3.0-4.0.0-beta.5.tgz#fde01c6ad873eed1472e14c64f4b8fbafb6fa4f7"
  integrity sha512-9IOKVDL563D2Flwjg93/G7ZE+q5R55NsNeExX7orxcrBmGo1YooGecxYY/cki9wXAOT1diC0fAlnHKgXjVlOow==
  dependencies:
    "@girs/gio-2.0" "^2.80.0-4.0.0-beta.5"
    "@girs/gjs" "^4.0.0-beta.5"
    "@girs/glib-2.0" "^2.80.0-4.0.0-beta.5"
    "@girs/gobject-2.0" "^2.80.0-4.0.0-beta.5"

"@girs/gcr-4@^4.3.0-4.0.0-beta.5":
  version "4.3.0-4.0.0-beta.5"
  resolved "https://registry.yarnpkg.com/@girs/gcr-4/-/gcr-4-4.3.0-4.0.0-beta.5.tgz#172a6819bea5f7315d737f286daaadef578e3363"
  integrity sha512-XFqhEyrhN/NDn5fzBMMOXofYXeQ6p5uTK0D0IXa2mIOvVu1EOxOzgtNGt/SiUum4lTtJvIpyVR86tqLIpGtwmw==
  dependencies:
    "@girs/gck-2" "^4.3.0-4.0.0-beta.5"
    "@girs/gio-2.0" "^2.80.0-4.0.0-beta.5"
    "@girs/gjs" "^4.0.0-beta.5"
    "@girs/glib-2.0" "^2.80.0-4.0.0-beta.5"
    "@girs/gobject-2.0" "^2.80.0-4.0.0-beta.5"

"@girs/gdesktopenums-3.0@^3.0.0-4.0.0-beta.5":
  version "3.0.0-4.0.0-beta.5"
  resolved "https://registry.yarnpkg.com/@girs/gdesktopenums-3.0/-/gdesktopenums-3.0-3.0.0-4.0.0-beta.5.tgz#dae3c1585f6d028c81d935226d32272cbd08d1e6"
  integrity sha512-drgYbHExoCrwgv5YWsJ2uiogYxS89j6Szlkvtvj4g4Z0BSvM5yh+21LYZfvUGQ2GnpzfQUjEFAMPqlDy4LWI7g==
  dependencies:
    "@girs/gjs" "^4.0.0-beta.5"
    "@girs/gobject-2.0" "^2.80.0-4.0.0-beta.5"

"@girs/gdk-4.0@^4.0.0-4.0.0-beta.5":
  version "4.0.0-4.0.0-beta.5"
  resolved "https://registry.yarnpkg.com/@girs/gdk-4.0/-/gdk-4.0-4.0.0-4.0.0-beta.5.tgz#7b68a2cec5249e221962b136074aef32b3a12c97"
  integrity sha512-wgGXwLyLsFmHgEbZ+oXChUVveR8Mu4jd5aZaRVaYOJ67Ff9V8Azt0ZKShqqQgx/D4bW6Kh0+WDplCuMMNNTeFg==
  dependencies:
    "@girs/cairo-1.0" "^1.0.0-4.0.0-beta.5"
    "@girs/freetype2-2.0" "^2.0.0-4.0.0-beta.5"
    "@girs/gdkpixbuf-2.0" "^2.0.0-4.0.0-beta.5"
    "@girs/gio-2.0" "^2.80.0-4.0.0-beta.5"
    "@girs/gjs" "^4.0.0-beta.5"
    "@girs/glib-2.0" "^2.80.0-4.0.0-beta.5"
    "@girs/gmodule-2.0" "^2.0.0-4.0.0-beta.5"
    "@girs/gobject-2.0" "^2.80.0-4.0.0-beta.5"
    "@girs/harfbuzz-0.0" "^8.3.1-4.0.0-beta.5"
    "@girs/pango-1.0" "^1.52.2-4.0.0-beta.5"
    "@girs/pangocairo-1.0" "^1.0.0-4.0.0-beta.5"

"@girs/gdkpixbuf-2.0@^2.0.0-4.0.0-beta.5":
  version "2.0.0-4.0.0-beta.5"
  resolved "https://registry.yarnpkg.com/@girs/gdkpixbuf-2.0/-/gdkpixbuf-2.0-2.0.0-4.0.0-beta.5.tgz#46cae0e476dcb22492f4d294b50e12b3f2fecf43"
  integrity sha512-Jwt9sZHOvvkwAZ1aba6wuHIJm9KzKDWPKedSfsFe8eWQ3BugI6zuoOxK+KHu8RDSstogp5i2FGdzQJGn32Xaqg==
  dependencies:
    "@girs/gio-2.0" "^2.80.0-4.0.0-beta.5"
    "@girs/gjs" "^4.0.0-beta.5"
    "@girs/glib-2.0" "^2.80.0-4.0.0-beta.5"
    "@girs/gmodule-2.0" "^2.0.0-4.0.0-beta.5"
    "@girs/gobject-2.0" "^2.80.0-4.0.0-beta.5"

"@girs/gdm-1.0@^1.0.0-4.0.0-beta.5":
  version "1.0.0-4.0.0-beta.5"
  resolved "https://registry.yarnpkg.com/@girs/gdm-1.0/-/gdm-1.0-1.0.0-4.0.0-beta.5.tgz#70725c0ab5ca26df8f0cd2656be5b6d9b7e6463c"
  integrity sha512-PqadM1Bw2MGZf2Er60o8H0iodY4ZtCBa+JOjmrbGt9P/Mi4q1ouPeQaDUjyExM+tycvo51Xf3GMo7Ztg4JOBRw==
  dependencies:
    "@girs/gio-2.0" "^2.80.0-4.0.0-beta.5"
    "@girs/gjs" "^4.0.0-beta.5"
    "@girs/glib-2.0" "^2.80.0-4.0.0-beta.5"
    "@girs/gobject-2.0" "^2.80.0-4.0.0-beta.5"

"@girs/gio-2.0@^2.78.0-3.3.0":
  version "2.78.0-3.3.0"
  resolved "https://registry.yarnpkg.com/@girs/gio-2.0/-/gio-2.0-2.78.0-3.3.0.tgz#953642a03288721f78c375c0343e4561de18fc3d"
  integrity sha512-39VvlB9Mzikh39cR80VMbsNxW4TG9axCKQwzAtEEwaSmvj6PzOo7KpGQ4/prRH98F1mAKQ1muLWz4H3A+zz3NA==
  dependencies:
    "@girs/gjs" "^3.3.0"
    "@girs/glib-2.0" "^2.78.0-3.3.0"
    "@girs/gobject-2.0" "^2.78.0-3.3.0"

"@girs/gio-2.0@^2.80.0-4.0.0-beta.4", "@girs/gio-2.0@^2.80.0-4.0.0-beta.5":
  version "2.80.0-4.0.0-beta.5"
  resolved "https://registry.yarnpkg.com/@girs/gio-2.0/-/gio-2.0-2.80.0-4.0.0-beta.5.tgz#0e26ab7d2b2a9c0eb6bff5b9364a2b7ad05142a4"
  integrity sha512-536nFvNyOD8PupjWdr1HtZn46+8FsOWKagd5RlJuhiZwOR5QGp47Wv9MBzB0wayrhzt7ik1ZYtnnYGNvK4gvug==
  dependencies:
    "@girs/gjs" "^4.0.0-beta.5"
    "@girs/glib-2.0" "^2.80.0-4.0.0-beta.5"
    "@girs/gobject-2.0" "^2.80.0-4.0.0-beta.5"

"@girs/gjs@^3.3.0":
  version "3.3.0"
  resolved "https://registry.yarnpkg.com/@girs/gjs/-/gjs-3.3.0.tgz#03dceade425c52a5363b61d710dc65c63e09ea3d"
  integrity sha512-5cQaouORn53vLM+cFAEOzJuzcm47eH86R2OGUgrHIL4KT7sEm+BKkhqlI67m+iJUMl/I72P2Hfe+Am4jl0YxlQ==
  dependencies:
    "@girs/glib-2.0" "^2.78.0-3.3.0"
    "@girs/gobject-2.0" "^2.78.0-3.3.0"

"@girs/gjs@^4.0.0-beta.4", "@girs/gjs@^4.0.0-beta.5":
  version "4.0.0-beta.5"
  resolved "https://registry.yarnpkg.com/@girs/gjs/-/gjs-4.0.0-beta.5.tgz#b3b9be2b7d9c3a428fc7a75128612b1f3447af46"
  integrity sha512-5qwzo/jtT2mmUiGha3p+OwMXqFORQWItrGuHgmEJ5NLuo08ht210bL89XsdoRUJ7ZvhxxFKmbACjN8pOMjlBqg==
  dependencies:
    "@girs/gio-2.0" "^2.80.0-4.0.0-beta.5"
    "@girs/glib-2.0" "^2.80.0-4.0.0-beta.5"
    "@girs/gobject-2.0" "^2.80.0-4.0.0-beta.5"

"@girs/gl-1.0@^1.0.0-4.0.0-beta.5":
  version "1.0.0-4.0.0-beta.5"
  resolved "https://registry.yarnpkg.com/@girs/gl-1.0/-/gl-1.0-1.0.0-4.0.0-beta.5.tgz#a5759efe22757eccdb7bd1029c1e21c0d4dd0a1d"
  integrity sha512-yN95/6ldUBBhnyGtR+ibP8FazxUww2X5Sm0BLSRnurhd832E3JoCTR6JVK2RKCNXYTqAMYsb2JmdcwjqmEwBtQ==
  dependencies:
    "@girs/gjs" "^4.0.0-beta.5"
    "@girs/gobject-2.0" "^2.80.0-4.0.0-beta.5"

"@girs/glib-2.0@^2.78.0-3.3.0":
  version "2.78.0-3.3.0"
  resolved "https://registry.yarnpkg.com/@girs/glib-2.0/-/glib-2.0-2.78.0-3.3.0.tgz#8a8b1a988da8a298165ec46ddec4f689ba789161"
  integrity sha512-XuoKuOm9aNVou+yWtlbcwEcNI7v1gCJUBQboPlZxft+o9CnP2FmwRntqZnfhZepGmLbASMA8Ow5iEL8glNwVsw==
  dependencies:
    "@girs/gjs" "^3.3.0"
    "@girs/gobject-2.0" "^2.78.0-3.3.0"

"@girs/glib-2.0@^2.80.0-4.0.0-beta.4", "@girs/glib-2.0@^2.80.0-4.0.0-beta.5":
  version "2.80.0-4.0.0-beta.5"
  resolved "https://registry.yarnpkg.com/@girs/glib-2.0/-/glib-2.0-2.80.0-4.0.0-beta.5.tgz#44199a9d99f66493ab7ce8fc37d6cc2711a48c44"
  integrity sha512-gu/5ZWT7OwYp0S/EvfBZLtHttcfnTYzPo1Dp1gA/7xahLPvYPhlr0Uxb3IjQvvBMbqE9vsxxqVfqHUkkdfZw0Q==
  dependencies:
    "@girs/gjs" "^4.0.0-beta.5"
    "@girs/gobject-2.0" "^2.80.0-4.0.0-beta.5"

"@girs/gmodule-2.0@^2.0.0-4.0.0-beta.5":
  version "2.0.0-4.0.0-beta.5"
  resolved "https://registry.yarnpkg.com/@girs/gmodule-2.0/-/gmodule-2.0-2.0.0-4.0.0-beta.5.tgz#d85e522a9567db7ee2315aeadfa5eaec3f67a016"
  integrity sha512-C/Vu0BmVyBDEYX3W9v7SmVpoC+1fjUqngEH/6TeI2uPPDyBPuVPSNlgA+Hd3qsACjJa4RDE6DVqdsoG2s2mAHQ==
  dependencies:
    "@girs/gjs" "^4.0.0-beta.5"
    "@girs/glib-2.0" "^2.80.0-4.0.0-beta.5"
    "@girs/gobject-2.0" "^2.80.0-4.0.0-beta.5"

"@girs/gnome-shell@^46.0.0-beta8":
  version "46.0.0-beta8"
  resolved "https://registry.yarnpkg.com/@girs/gnome-shell/-/gnome-shell-46.0.0-beta8.tgz#3869f590ed4369c7b1bcc7744c99acd0955d55f3"
  integrity sha512-Iv87SDL/OoG/GNL+qb4gNEBAk6YI7XJOXkQs73quZpy0qUXj6BOfa9E4GmNMCFZIItSv1egckRKUuowdfk0gPA==
  dependencies:
    "@girs/accountsservice-1.0" "^1.0.0-4.0.0-beta.5"
    "@girs/adw-1" "^1.5.0-4.0.0-beta.5"
    "@girs/atk-1.0" "^2.52.0-4.0.0-beta.5"
    "@girs/cally-14" "^14.0.0-4.0.0-beta.5"
    "@girs/clutter-14" "^14.0.0-4.0.0-beta.5"
    "@girs/cogl-2.0" "^2.0.0-4.0.0-beta.5"
    "@girs/gcr-4" "^4.3.0-4.0.0-beta.5"
    "@girs/gdm-1.0" "^1.0.0-4.0.0-beta.5"
    "@girs/gio-2.0" "^2.80.0-4.0.0-beta.5"
    "@girs/gjs" "^4.0.0-beta.5"
    "@girs/glib-2.0" "^2.80.0-4.0.0-beta.5"
    "@girs/gnomebg-4.0" "^4.0.0-4.0.0-beta.5"
    "@girs/gnomebluetooth-3.0" "^3.0.0-4.0.0-beta.5"
    "@girs/gnomedesktop-4.0" "^4.0.0-4.0.0-beta.5"
    "@girs/gobject-2.0" "^2.80.0-4.0.0-beta.5"
    "@girs/gtk-4.0" "^4.14.3-4.0.0-beta.5"
    "@girs/gvc-1.0" "^1.0.0-4.0.0-beta.5"
    "@girs/meta-14" "^14.0.0-4.0.0-beta.5"
    "@girs/mtk-14" "^14.0.0-4.0.0-beta.5"
    "@girs/polkit-1.0" "^1.0.0-4.0.0-beta.5"
    "@girs/shell-14" "^14.0.0-4.0.0-beta.5"
    "@girs/shew-0" "^0.0.0-4.0.0-beta.5"
    "@girs/st-14" "^14.0.0-4.0.0-beta.5"
    "@girs/upowerglib-1.0" "^1.90.2-4.0.0-beta.4"

"@girs/gnomebg-4.0@^4.0.0-4.0.0-beta.5":
  version "4.0.0-4.0.0-beta.5"
  resolved "https://registry.yarnpkg.com/@girs/gnomebg-4.0/-/gnomebg-4.0-4.0.0-4.0.0-beta.5.tgz#15a93743e8c541e68f378ff2ac44be0aad2be3e8"
  integrity sha512-Q8h0PLBLsoAy9eclH92C6Xc7C+6RbgpLb9M6yT5cigpCn7UBpGsXHYQ6ixVO9k9htfheLPqhaTEfb8gPAjyw8A==
  dependencies:
    "@girs/cairo-1.0" "^1.0.0-4.0.0-beta.5"
    "@girs/freetype2-2.0" "^2.0.0-4.0.0-beta.5"
    "@girs/gdesktopenums-3.0" "^3.0.0-4.0.0-beta.5"
    "@girs/gdk-4.0" "^4.0.0-4.0.0-beta.5"
    "@girs/gdkpixbuf-2.0" "^2.0.0-4.0.0-beta.5"
    "@girs/gio-2.0" "^2.80.0-4.0.0-beta.5"
    "@girs/gjs" "^4.0.0-beta.5"
    "@girs/glib-2.0" "^2.80.0-4.0.0-beta.5"
    "@girs/gmodule-2.0" "^2.0.0-4.0.0-beta.5"
    "@girs/gnomedesktop-4.0" "^4.0.0-4.0.0-beta.5"
    "@girs/gobject-2.0" "^2.80.0-4.0.0-beta.5"
    "@girs/harfbuzz-0.0" "^8.3.1-4.0.0-beta.5"
    "@girs/pango-1.0" "^1.52.2-4.0.0-beta.5"
    "@girs/pangocairo-1.0" "^1.0.0-4.0.0-beta.5"

"@girs/gnomebluetooth-3.0@^3.0.0-4.0.0-beta.5":
  version "3.0.0-4.0.0-beta.5"
  resolved "https://registry.yarnpkg.com/@girs/gnomebluetooth-3.0/-/gnomebluetooth-3.0-3.0.0-4.0.0-beta.5.tgz#44a3a7e0554c45744a69b6694cff54c088b11fe1"
  integrity sha512-AfDig4Ta2fhcu7/ggA7Wje8iyg+gQsQ135wu7caaI/19G2+6PPbu0ZoMBcFJ2tiGpUYEd7DIaF7EnTPaMeootw==
  dependencies:
    "@girs/gio-2.0" "^2.80.0-4.0.0-beta.5"
    "@girs/gjs" "^4.0.0-beta.5"
    "@girs/glib-2.0" "^2.80.0-4.0.0-beta.5"
    "@girs/gobject-2.0" "^2.80.0-4.0.0-beta.5"

"@girs/gnomedesktop-4.0@^4.0.0-4.0.0-beta.5":
  version "4.0.0-4.0.0-beta.5"
  resolved "https://registry.yarnpkg.com/@girs/gnomedesktop-4.0/-/gnomedesktop-4.0-4.0.0-4.0.0-beta.5.tgz#d2fe82d742052ce071f2c7a0612f190a21bf583f"
  integrity sha512-FnYd5DQFDOIc7XFajKGbv2zrbVpkkqzJh2yhrpvdXbkvtx5ZYABRPynXVJym3nYXreKuECmPTFYk9lLMxYnNdw==
  dependencies:
    "@girs/gdesktopenums-3.0" "^3.0.0-4.0.0-beta.5"
    "@girs/gdkpixbuf-2.0" "^2.0.0-4.0.0-beta.5"
    "@girs/gio-2.0" "^2.80.0-4.0.0-beta.5"
    "@girs/gjs" "^4.0.0-beta.5"
    "@girs/glib-2.0" "^2.80.0-4.0.0-beta.5"
    "@girs/gmodule-2.0" "^2.0.0-4.0.0-beta.5"
    "@girs/gobject-2.0" "^2.80.0-4.0.0-beta.5"

"@girs/gobject-2.0@^2.78.0-3.3.0":
  version "2.78.0-3.3.0"
  resolved "https://registry.yarnpkg.com/@girs/gobject-2.0/-/gobject-2.0-2.78.0-3.3.0.tgz#b4c5f615941208644883845cf4d54fdce8b573bb"
  integrity sha512-s6IpE1o9uAf8kZgncWjdYerErhWXgszIFHXEvvyKR8csI36SFD730CqJRiCepP2okoJmD0Vi3jrnuq5jb8wIMA==
  dependencies:
    "@girs/gjs" "^3.3.0"
    "@girs/glib-2.0" "^2.78.0-3.3.0"

"@girs/gobject-2.0@^2.80.0-4.0.0-beta.4", "@girs/gobject-2.0@^2.80.0-4.0.0-beta.5":
  version "2.80.0-4.0.0-beta.5"
  resolved "https://registry.yarnpkg.com/@girs/gobject-2.0/-/gobject-2.0-2.80.0-4.0.0-beta.5.tgz#f8b1693c5a3c4b41a50cc55eee88d53663fb5b31"
  integrity sha512-KSEGFvcKJr5TqrvA6JgtJ5ywTeXZABCCWDcf+/SEBocKZBUZySAeh/PA9kN7o9AktcESJVYo0v7BRQQluwBWTg==
  dependencies:
    "@girs/gjs" "^4.0.0-beta.5"
    "@girs/glib-2.0" "^2.80.0-4.0.0-beta.5"

"@girs/graphene-1.0@^1.0.0-4.0.0-beta.5":
  version "1.0.0-4.0.0-beta.5"
  resolved "https://registry.yarnpkg.com/@girs/graphene-1.0/-/graphene-1.0-1.0.0-4.0.0-beta.5.tgz#8d3fbb661f39a6fa90f7016fc554cfa19da1b64b"
  integrity sha512-0+Ve2tLKnBGBwhvn6/nXuMdBeMmU8iTS97mW8q3NvO30UI4g2uA4gd5gX6/YQ9Lxwrktc2eVfEdK57u0alwTtg==
  dependencies:
    "@girs/gjs" "^4.0.0-beta.5"
    "@girs/glib-2.0" "^2.80.0-4.0.0-beta.5"
    "@girs/gobject-2.0" "^2.80.0-4.0.0-beta.5"

"@girs/gsk-4.0@^4.0.0-4.0.0-beta.5":
  version "4.0.0-4.0.0-beta.5"
  resolved "https://registry.yarnpkg.com/@girs/gsk-4.0/-/gsk-4.0-4.0.0-4.0.0-beta.5.tgz#0b39883c624eef8ae1d22aa064a5d0f027042070"
  integrity sha512-D0noQvI/SJ7jEh8JFknacNcC0gDOX/ckRk8LITSKSkQAPWG3zeMbrvH954VwkUoPRPDNHo/k457p5AV4y1j0ig==
  dependencies:
    "@girs/cairo-1.0" "^1.0.0-4.0.0-beta.5"
    "@girs/freetype2-2.0" "^2.0.0-4.0.0-beta.5"
    "@girs/gdk-4.0" "^4.0.0-4.0.0-beta.5"
    "@girs/gdkpixbuf-2.0" "^2.0.0-4.0.0-beta.5"
    "@girs/gio-2.0" "^2.80.0-4.0.0-beta.5"
    "@girs/gjs" "^4.0.0-beta.5"
    "@girs/glib-2.0" "^2.80.0-4.0.0-beta.5"
    "@girs/gmodule-2.0" "^2.0.0-4.0.0-beta.5"
    "@girs/gobject-2.0" "^2.80.0-4.0.0-beta.5"
    "@girs/graphene-1.0" "^1.0.0-4.0.0-beta.5"
    "@girs/harfbuzz-0.0" "^8.3.1-4.0.0-beta.5"
    "@girs/pango-1.0" "^1.52.2-4.0.0-beta.5"
    "@girs/pangocairo-1.0" "^1.0.0-4.0.0-beta.5"

"@girs/gtk-4.0@^4.14.3-4.0.0-beta.5":
  version "4.14.3-4.0.0-beta.5"
  resolved "https://registry.yarnpkg.com/@girs/gtk-4.0/-/gtk-4.0-4.14.3-4.0.0-beta.5.tgz#5747af1b226989deb0e0a3fceb8ac13f5c851f64"
  integrity sha512-7tl5JaGmnNhRzz/5SX17b60QfXEhG/o783+GPW4UMdqH5Wqm1woKMfgpL22w6MWrSDCuBNp2DzUnlFjVuj2XgQ==
  dependencies:
    "@girs/cairo-1.0" "^1.0.0-4.0.0-beta.5"
    "@girs/freetype2-2.0" "^2.0.0-4.0.0-beta.5"
    "@girs/gdk-4.0" "^4.0.0-4.0.0-beta.5"
    "@girs/gdkpixbuf-2.0" "^2.0.0-4.0.0-beta.5"
    "@girs/gio-2.0" "^2.80.0-4.0.0-beta.5"
    "@girs/gjs" "^4.0.0-beta.5"
    "@girs/glib-2.0" "^2.80.0-4.0.0-beta.5"
    "@girs/gmodule-2.0" "^2.0.0-4.0.0-beta.5"
    "@girs/gobject-2.0" "^2.80.0-4.0.0-beta.5"
    "@girs/graphene-1.0" "^1.0.0-4.0.0-beta.5"
    "@girs/gsk-4.0" "^4.0.0-4.0.0-beta.5"
    "@girs/harfbuzz-0.0" "^8.3.1-4.0.0-beta.5"
    "@girs/pango-1.0" "^1.52.2-4.0.0-beta.5"
    "@girs/pangocairo-1.0" "^1.0.0-4.0.0-beta.5"

"@girs/gvc-1.0@^1.0.0-4.0.0-beta.5":
  version "1.0.0-4.0.0-beta.5"
  resolved "https://registry.yarnpkg.com/@girs/gvc-1.0/-/gvc-1.0-1.0.0-4.0.0-beta.5.tgz#320b711e8d3a49b13e13eeb16a92968f33a43bdf"
  integrity sha512-aeIuw8U6b/sRcmsA7NZJxJoFUGOlPUbyGOlEaFS3QGyfI7LqhIBkv9ZBT9IVgyoOIKoEMqFeJr1Q3C/C3TnGkA==
  dependencies:
    "@girs/gio-2.0" "^2.80.0-4.0.0-beta.5"
    "@girs/gjs" "^4.0.0-beta.5"
    "@girs/glib-2.0" "^2.80.0-4.0.0-beta.5"
    "@girs/gobject-2.0" "^2.80.0-4.0.0-beta.5"

"@girs/harfbuzz-0.0@^8.3.1-4.0.0-beta.5":
  version "8.3.1-4.0.0-beta.5"
  resolved "https://registry.yarnpkg.com/@girs/harfbuzz-0.0/-/harfbuzz-0.0-8.3.1-4.0.0-beta.5.tgz#a92b608a43a4dd86eba5f86bd272d7b1c75b68ea"
  integrity sha512-cz8NrQ0XRdJRanCZq8TVdevc3IgzISQnr1ZGXv+g49bFJecvef5zW3NWdWhPI7MDjPIgHQB77L32NQyzCjyTyg==
  dependencies:
    "@girs/freetype2-2.0" "^2.0.0-4.0.0-beta.5"
    "@girs/gjs" "^4.0.0-beta.5"
    "@girs/glib-2.0" "^2.80.0-4.0.0-beta.5"
    "@girs/gobject-2.0" "^2.80.0-4.0.0-beta.5"

"@girs/meta-14@^14.0.0-4.0.0-beta.5":
  version "14.0.0-4.0.0-beta.5"
  resolved "https://registry.yarnpkg.com/@girs/meta-14/-/meta-14-14.0.0-4.0.0-beta.5.tgz#9481b21078bc62e5591c08cc64c9aaf8555ac4fc"
  integrity sha512-eI3KV8KyB2XhVq9iqp6YP2c2x3LNsvjSJFH4oJmQpM67G7Ht8D+incE0uslw+anye2/8zJfNbwA+OgtIKTODig==
  dependencies:
    "@girs/atk-1.0" "^2.52.0-4.0.0-beta.5"
    "@girs/cairo-1.0" "^1.0.0-4.0.0-beta.5"
    "@girs/clutter-14" "^14.0.0-4.0.0-beta.5"
    "@girs/cogl-14" "^14.0.0-4.0.0-beta.5"
    "@girs/coglpango-14" "^14.0.0-4.0.0-beta.5"
    "@girs/freetype2-2.0" "^2.0.0-4.0.0-beta.5"
    "@girs/gdesktopenums-3.0" "^3.0.0-4.0.0-beta.5"
    "@girs/gio-2.0" "^2.80.0-4.0.0-beta.5"
    "@girs/gjs" "^4.0.0-beta.5"
    "@girs/gl-1.0" "^1.0.0-4.0.0-beta.5"
    "@girs/glib-2.0" "^2.80.0-4.0.0-beta.5"
    "@girs/gobject-2.0" "^2.80.0-4.0.0-beta.5"
    "@girs/graphene-1.0" "^1.0.0-4.0.0-beta.5"
    "@girs/harfbuzz-0.0" "^8.3.1-4.0.0-beta.5"
    "@girs/mtk-14" "^14.0.0-4.0.0-beta.5"
    "@girs/pango-1.0" "^1.52.2-4.0.0-beta.5"
    "@girs/pangocairo-1.0" "^1.0.0-4.0.0-beta.5"
    "@girs/xfixes-4.0" "^4.0.0-4.0.0-beta.5"
    "@girs/xlib-2.0" "^2.0.0-4.0.0-beta.5"

"@girs/mtk-14@^14.0.0-4.0.0-beta.5":
  version "14.0.0-4.0.0-beta.5"
  resolved "https://registry.yarnpkg.com/@girs/mtk-14/-/mtk-14-14.0.0-4.0.0-beta.5.tgz#cf3501a1c12a5ba085928deabd2f61d750d9f839"
  integrity sha512-++d1YdizyiQy5K2zx1ohBzc92Vs1P7hSj7zmVPD7y4SRVAw7070izVMYbZY5LlzetUhRacDW242R1p/UUHYNsw==
  dependencies:
    "@girs/gjs" "^4.0.0-beta.5"
    "@girs/glib-2.0" "^2.80.0-4.0.0-beta.5"
    "@girs/gobject-2.0" "^2.80.0-4.0.0-beta.5"
    "@girs/graphene-1.0" "^1.0.0-4.0.0-beta.5"

"@girs/nm-1.0@^1.46.0-4.0.0-beta.5":
  version "1.46.0-4.0.0-beta.5"
  resolved "https://registry.yarnpkg.com/@girs/nm-1.0/-/nm-1.0-1.46.0-4.0.0-beta.5.tgz#635980c1b56564b829387ed5fb5454bdfa1649c7"
  integrity sha512-PXQS1tvE+ZTxwV/Xv97UsTsbD0JGOImXdr8MWOJHnWNGd4Bz/dxdv+krcqhUC0POO96PRjz7RpJjKcU53lGxBw==
  dependencies:
    "@girs/gio-2.0" "^2.80.0-4.0.0-beta.5"
    "@girs/gjs" "^4.0.0-beta.5"
    "@girs/glib-2.0" "^2.80.0-4.0.0-beta.5"
    "@girs/gobject-2.0" "^2.80.0-4.0.0-beta.5"

"@girs/pango-1.0@^1.52.2-4.0.0-beta.5":
  version "1.52.2-4.0.0-beta.5"
  resolved "https://registry.yarnpkg.com/@girs/pango-1.0/-/pango-1.0-1.52.2-4.0.0-beta.5.tgz#2dc00848cf281c23777057449eef17499dd1b2c5"
  integrity sha512-K8207mlcKFG2j3hchiXu0p1doVRCqiyzfWtEXiI/VPwwbPJJfWa/JGDWKW+cn03lQ+UnV1tkA611qAZtjg2BSw==
  dependencies:
    "@girs/cairo-1.0" "^1.0.0-4.0.0-beta.5"
    "@girs/freetype2-2.0" "^2.0.0-4.0.0-beta.5"
    "@girs/gio-2.0" "^2.80.0-4.0.0-beta.5"
    "@girs/gjs" "^4.0.0-beta.5"
    "@girs/glib-2.0" "^2.80.0-4.0.0-beta.5"
    "@girs/gobject-2.0" "^2.80.0-4.0.0-beta.5"
    "@girs/harfbuzz-0.0" "^8.3.1-4.0.0-beta.5"

"@girs/pangocairo-1.0@^1.0.0-4.0.0-beta.5":
  version "1.0.0-4.0.0-beta.5"
  resolved "https://registry.yarnpkg.com/@girs/pangocairo-1.0/-/pangocairo-1.0-1.0.0-4.0.0-beta.5.tgz#83c73f42fe2c59b53dfa15656c32ded4880c12a8"
  integrity sha512-sHkKR86sQ2ueVaq9Z0kjVL8BiIl0QHLfgeLVxooeqtaXZ1sJtGzcp0rLBNmbUJJ+mRWNnEMSESSRgUIMNL2gSA==
  dependencies:
    "@girs/cairo-1.0" "^1.0.0-4.0.0-beta.5"
    "@girs/freetype2-2.0" "^2.0.0-4.0.0-beta.5"
    "@girs/gio-2.0" "^2.80.0-4.0.0-beta.5"
    "@girs/gjs" "^4.0.0-beta.5"
    "@girs/glib-2.0" "^2.80.0-4.0.0-beta.5"
    "@girs/gobject-2.0" "^2.80.0-4.0.0-beta.5"
    "@girs/harfbuzz-0.0" "^8.3.1-4.0.0-beta.5"
    "@girs/pango-1.0" "^1.52.2-4.0.0-beta.5"

"@girs/polkit-1.0@^1.0.0-4.0.0-beta.5":
  version "1.0.0-4.0.0-beta.5"
  resolved "https://registry.yarnpkg.com/@girs/polkit-1.0/-/polkit-1.0-1.0.0-4.0.0-beta.5.tgz#83fa236589a430ebb5cf5458dcfdaa75550a7065"
  integrity sha512-uKJtq15olLqTKZXSwcPMuhDrN97VmJG0t6vAyCr0UdLkWXooi1r1ID1kby5arU5bWM1KtXLlLxDt3YFrdAG0Ig==
  dependencies:
    "@girs/gio-2.0" "^2.80.0-4.0.0-beta.5"
    "@girs/gjs" "^4.0.0-beta.5"
    "@girs/glib-2.0" "^2.80.0-4.0.0-beta.5"
    "@girs/gobject-2.0" "^2.80.0-4.0.0-beta.5"

"@girs/polkitagent-1.0@^1.0.0-4.0.0-beta.5":
  version "1.0.0-4.0.0-beta.5"
  resolved "https://registry.yarnpkg.com/@girs/polkitagent-1.0/-/polkitagent-1.0-1.0.0-4.0.0-beta.5.tgz#cb3163a7748a9be92ea05914afdda06b5db066c3"
  integrity sha512-FoFyUCnHof7NmsgowGq5KF+hXNagzZqc7J0k0OT1zhSHyU6XeBiOQBbdusB/SuR9CKT4qmGZFY9GUs9lMoLmRw==
  dependencies:
    "@girs/gio-2.0" "^2.80.0-4.0.0-beta.5"
    "@girs/gjs" "^4.0.0-beta.5"
    "@girs/glib-2.0" "^2.80.0-4.0.0-beta.5"
    "@girs/gobject-2.0" "^2.80.0-4.0.0-beta.5"
    "@girs/polkit-1.0" "^1.0.0-4.0.0-beta.5"

"@girs/shell-14@^14.0.0-4.0.0-beta.5":
  version "14.0.0-4.0.0-beta.5"
  resolved "https://registry.yarnpkg.com/@girs/shell-14/-/shell-14-14.0.0-4.0.0-beta.5.tgz#9f23ba62eaad8660fa80d9fdde34957d7a22b278"
  integrity sha512-TUGbR7V3xOY57aBDHf/hEh5SZosf/3pS3waq7BlRciWEZgiS4bQAPJJEqBsLvaZNjFw7YDX+CoHPmQA0h/eiEQ==
  dependencies:
    "@girs/atk-1.0" "^2.52.0-4.0.0-beta.5"
    "@girs/cairo-1.0" "^1.0.0-4.0.0-beta.5"
    "@girs/cally-14" "^14.0.0-4.0.0-beta.5"
    "@girs/clutter-14" "^14.0.0-4.0.0-beta.5"
    "@girs/cogl-14" "^14.0.0-4.0.0-beta.5"
    "@girs/coglpango-14" "^14.0.0-4.0.0-beta.5"
    "@girs/freetype2-2.0" "^2.0.0-4.0.0-beta.5"
    "@girs/gck-2" "^4.3.0-4.0.0-beta.5"
    "@girs/gcr-4" "^4.3.0-4.0.0-beta.5"
    "@girs/gdesktopenums-3.0" "^3.0.0-4.0.0-beta.5"
    "@girs/gdkpixbuf-2.0" "^2.0.0-4.0.0-beta.5"
    "@girs/gio-2.0" "^2.80.0-4.0.0-beta.5"
    "@girs/gjs" "^4.0.0-beta.5"
    "@girs/gl-1.0" "^1.0.0-4.0.0-beta.5"
    "@girs/glib-2.0" "^2.80.0-4.0.0-beta.5"
    "@girs/gmodule-2.0" "^2.0.0-4.0.0-beta.5"
    "@girs/gobject-2.0" "^2.80.0-4.0.0-beta.5"
    "@girs/graphene-1.0" "^1.0.0-4.0.0-beta.5"
    "@girs/gvc-1.0" "^1.0.0-4.0.0-beta.5"
    "@girs/harfbuzz-0.0" "^8.3.1-4.0.0-beta.5"
    "@girs/meta-14" "^14.0.0-4.0.0-beta.5"
    "@girs/mtk-14" "^14.0.0-4.0.0-beta.5"
    "@girs/nm-1.0" "^1.46.0-4.0.0-beta.5"
    "@girs/pango-1.0" "^1.52.2-4.0.0-beta.5"
    "@girs/pangocairo-1.0" "^1.0.0-4.0.0-beta.5"
    "@girs/polkit-1.0" "^1.0.0-4.0.0-beta.5"
    "@girs/polkitagent-1.0" "^1.0.0-4.0.0-beta.5"
    "@girs/st-14" "^14.0.0-4.0.0-beta.5"
    "@girs/xfixes-4.0" "^4.0.0-4.0.0-beta.5"
    "@girs/xlib-2.0" "^2.0.0-4.0.0-beta.5"

"@girs/shew-0@^0.0.0-4.0.0-beta.5":
  version "0.0.0-4.0.0-beta.5"
  resolved "https://registry.yarnpkg.com/@girs/shew-0/-/shew-0-0.0.0-4.0.0-beta.5.tgz#d0ca8016c29a8317967c1bf140d6d04256324304"
  integrity sha512-GJOgQ28CCdnRljM44WNIlrdrpaDelu4tT1fdnCuOm9O054pnaRXHhd+ju4OsOOIHgX79TRrBAFPsePkvL+I4tA==
  dependencies:
    "@girs/cairo-1.0" "^1.0.0-4.0.0-beta.5"
    "@girs/freetype2-2.0" "^2.0.0-4.0.0-beta.5"
    "@girs/gdk-4.0" "^4.0.0-4.0.0-beta.5"
    "@girs/gdkpixbuf-2.0" "^2.0.0-4.0.0-beta.5"
    "@girs/gio-2.0" "^2.80.0-4.0.0-beta.5"
    "@girs/gjs" "^4.0.0-beta.5"
    "@girs/glib-2.0" "^2.80.0-4.0.0-beta.5"
    "@girs/gmodule-2.0" "^2.0.0-4.0.0-beta.5"
    "@girs/gobject-2.0" "^2.80.0-4.0.0-beta.5"
    "@girs/graphene-1.0" "^1.0.0-4.0.0-beta.5"
    "@girs/gsk-4.0" "^4.0.0-4.0.0-beta.5"
    "@girs/gtk-4.0" "^4.14.3-4.0.0-beta.5"
    "@girs/harfbuzz-0.0" "^8.3.1-4.0.0-beta.5"
    "@girs/pango-1.0" "^1.52.2-4.0.0-beta.5"
    "@girs/pangocairo-1.0" "^1.0.0-4.0.0-beta.5"

"@girs/st-14@^14.0.0-4.0.0-beta.5":
  version "14.0.0-4.0.0-beta.5"
  resolved "https://registry.yarnpkg.com/@girs/st-14/-/st-14-14.0.0-4.0.0-beta.5.tgz#06539231916715afd2393233f85d3bf67752f731"
  integrity sha512-77IH1fhWvAbDWNtIwqX0+OsRWs0+a5WnSYs0BeCtwQ3cyv7orUnmdE/zsaBIcbGXndL07fCbODSVfYW1XM2VhA==
  dependencies:
    "@girs/atk-1.0" "^2.52.0-4.0.0-beta.5"
    "@girs/cairo-1.0" "^1.0.0-4.0.0-beta.5"
    "@girs/cally-14" "^14.0.0-4.0.0-beta.5"
    "@girs/clutter-14" "^14.0.0-4.0.0-beta.5"
    "@girs/cogl-14" "^14.0.0-4.0.0-beta.5"
    "@girs/coglpango-14" "^14.0.0-4.0.0-beta.5"
    "@girs/freetype2-2.0" "^2.0.0-4.0.0-beta.5"
    "@girs/gdesktopenums-3.0" "^3.0.0-4.0.0-beta.5"
    "@girs/gdkpixbuf-2.0" "^2.0.0-4.0.0-beta.5"
    "@girs/gio-2.0" "^2.80.0-4.0.0-beta.5"
    "@girs/gjs" "^4.0.0-beta.5"
    "@girs/gl-1.0" "^1.0.0-4.0.0-beta.5"
    "@girs/glib-2.0" "^2.80.0-4.0.0-beta.5"
    "@girs/gmodule-2.0" "^2.0.0-4.0.0-beta.5"
    "@girs/gobject-2.0" "^2.80.0-4.0.0-beta.5"
    "@girs/graphene-1.0" "^1.0.0-4.0.0-beta.5"
    "@girs/harfbuzz-0.0" "^8.3.1-4.0.0-beta.5"
    "@girs/meta-14" "^14.0.0-4.0.0-beta.5"
    "@girs/mtk-14" "^14.0.0-4.0.0-beta.5"
    "@girs/pango-1.0" "^1.52.2-4.0.0-beta.5"
    "@girs/pangocairo-1.0" "^1.0.0-4.0.0-beta.5"
    "@girs/xfixes-4.0" "^4.0.0-4.0.0-beta.5"
    "@girs/xlib-2.0" "^2.0.0-4.0.0-beta.5"

"@girs/upowerglib-1.0@^1.90.2-4.0.0-beta.4":
  version "1.90.2-4.0.0-beta.4"
  resolved "https://registry.yarnpkg.com/@girs/upowerglib-1.0/-/upowerglib-1.0-1.90.2-4.0.0-beta.4.tgz#451e40503479dee2eb8cf2abb9c58f6b87e7a852"
  integrity sha512-WyIPHUV30IkNY1Z61hTTWlPqnDNuHltjPOFevsF3axYRgxWzwZVErZI1IRo0xnaEPbKhkGbqLFqI/IpQ43YTOA==
  dependencies:
    "@girs/gio-2.0" "^2.80.0-4.0.0-beta.4"
    "@girs/gjs" "^4.0.0-beta.4"
    "@girs/glib-2.0" "^2.80.0-4.0.0-beta.4"
    "@girs/gobject-2.0" "^2.80.0-4.0.0-beta.4"

"@girs/xfixes-4.0@^4.0.0-4.0.0-beta.5":
  version "4.0.0-4.0.0-beta.5"
  resolved "https://registry.yarnpkg.com/@girs/xfixes-4.0/-/xfixes-4.0-4.0.0-4.0.0-beta.5.tgz#6e9aedbf5171bcd1fd7f2b99f5311268da2ae099"
  integrity sha512-iBaLCC1e4Fl0gx4WMcL6OE1bZEmuNMJHiTaJzX38vxiPad+35fICKi0toOY7lnoFB/UiMAF9+CvNVKEOFtGgPQ==
  dependencies:
    "@girs/gjs" "^4.0.0-beta.5"
    "@girs/gobject-2.0" "^2.80.0-4.0.0-beta.5"

"@girs/xlib-2.0@^2.0.0-4.0.0-beta.5":
  version "2.0.0-4.0.0-beta.5"
  resolved "https://registry.yarnpkg.com/@girs/xlib-2.0/-/xlib-2.0-2.0.0-4.0.0-beta.5.tgz#e0e057d7a79203f20e610db8fce533eb987f26ba"
  integrity sha512-kAGziukb0/ljOMcxGy28ZXYApokPgwMM+WObF36Xmp7bZ+V/a/RGkLVlFeC/MZzInZVvi6Gdo2SvKjC1py8PQA==
  dependencies:
    "@girs/gjs" "^4.0.0-beta.5"
    "@girs/gobject-2.0" "^2.80.0-4.0.0-beta.5"
